
Microsoft Visual Studio Solution File, Format Version 12.00
# Visual Studio Version 17
VisualStudioVersion = 17.14.36414.22
MinimumVisualStudioVersion = 10.0.40219.1
Project("{FAE04EC0-301F-11D3-BF4B-00C04F79EFBC}") = "ShieldMyRide", "ShieldMyRide\ShieldMyRide.csproj", "{0AFBA720-2564-4E4C-B5B1-2D58671858F7}"
EndProject
Project("{FAE04EC0-301F-11D3-BF4B-00C04F79EFBC}") = "ShieldMyRide.Tests", "ShieldMyRide.Tests\ShieldMyRide.Tests.csproj", "{7409CF6D-EFB9-4740-8540-48D2019F1AE3}"
EndProject
Global
	GlobalSection(SolutionConfigurationPlatforms) = preSolution
		Debug|Any CPU = Debug|Any CPU
		Debug|x64 = Debug|x64
		Debug|x86 = Debug|x86
		Release|Any CPU = Release|Any CPU
		Release|x64 = Release|x64
		Release|x86 = Release|x86
	EndGlobalSection
	GlobalSection(ProjectConfigurationPlatforms) = postSolution
		{0AFBA720-2564-4E4C-B5B1-2D58671858F7}.Debug|Any CPU.ActiveCfg = Debug|Any CPU
		{0AFBA720-2564-4E4C-B5B1-2D58671858F7}.Debug|Any CPU.Build.0 = Debug|Any CPU
		{0AFBA720-2564-4E4C-B5B1-2D58671858F7}.Debug|x64.ActiveCfg = Debug|Any CPU
		{0AFBA720-2564-4E4C-B5B1-2D58671858F7}.Debug|x64.Build.0 = Debug|Any CPU
		{0AFBA720-2564-4E4C-B5B1-2D58671858F7}.Debug|x86.ActiveCfg = Debug|Any CPU
		{0AFBA720-2564-4E4C-B5B1-2D58671858F7}.Debug|x86.Build.0 = Debug|Any CPU
		{0AFBA720-2564-4E4C-B5B1-2D58671858F7}.Release|Any CPU.ActiveCfg = Release|Any CPU
		{0AFBA720-2564-4E4C-B5B1-2D58671858F7}.Release|Any CPU.Build.0 = Release|Any CPU
		{0AFBA720-2564-4E4C-B5B1-2D58671858F7}.Release|x64.ActiveCfg = Release|Any CPU
		{0AFBA720-2564-4E4C-B5B1-2D58671858F7}.Release|x64.Build.0 = Release|Any CPU
		{0AFBA720-2564-4E4C-B5B1-2D58671858F7}.Release|x86.ActiveCfg = Release|Any CPU
		{0AFBA720-2564-4E4C-B5B1-2D58671858F7}.Release|x86.Build.0 = Release|Any CPU
		{7409CF6D-EFB9-4740-8540-48D2019F1AE3}.Debug|Any CPU.ActiveCfg = Debug|Any CPU
		{7409CF6D-EFB9-4740-8540-48D2019F1AE3}.Debug|Any CPU.Build.0 = Debug|Any CPU
		{7409CF6D-EFB9-4740-8540-48D2019F1AE3}.Debug|x64.ActiveCfg = Debug|Any CPU
		{7409CF6D-EFB9-4740-8540-48D2019F1AE3}.Debug|x64.Build.0 = Debug|Any CPU
		{7409CF6D-EFB9-4740-8540-48D2019F1AE3}.Debug|x86.ActiveCfg = Debug|Any CPU
		{7409CF6D-EFB9-4740-8540-48D2019F1AE3}.Debug|x86.Build.0 = Debug|Any CPU
		{7409CF6D-EFB9-4740-8540-48D2019F1AE3}.Release|Any CPU.ActiveCfg = Release|Any CPU
		{7409CF6D-EFB9-4740-8540-48D2019F1AE3}.Release|Any CPU.Build.0 = Release|Any CPU
		{7409CF6D-EFB9-4740-8540-48D2019F1AE3}.Release|x64.ActiveCfg = Release|Any CPU
		{7409CF6D-EFB9-4740-8540-48D2019F1AE3}.Release|x64.Build.0 = Release|Any CPU
		{7409CF6D-EFB9-4740-8540-48D2019F1AE3}.Release|x86.ActiveCfg = Release|Any CPU
		{7409CF6D-EFB9-4740-8540-48D2019F1AE3}.Release|x86.Build.0 = Release|Any CPU
	EndGlobalSection
	GlobalSection(SolutionProperties) = preSolution
		HideSolutionNode = FALSE
	EndGlobalSection
	GlobalSection(ExtensibilityGlobals) = postSolution
		SolutionGuid = {A9DEE8AB-5526-478E-BEEA-9361A7311EEB}
	EndGlobalSection
EndGlobal
